
Microsoft Visual Studio Solution File, Format Version 12.00
# Visual Studio Version 16
VisualStudioVersion = 16.0.30204.135
MinimumVisualStudioVersion = 10.0.40219.1
Project("{FAE04EC0-301F-11D3-BF4B-00C04F79EFBC}") = "DaniSimController", "DaniSimController\DaniSimController.csproj", "{AC54613E-283E-451D-BE85-3C2FAC15B96C}"
EndProject
Project("{2150E333-8FDC-42A3-9474-1A3956D46DE8}") = "Tools", "Tools", "{144D6EE1-E6A2-4ECF-9BB1-AB61C3B901A5}"
EndProject
Project("{FAE04EC0-301F-11D3-BF4B-00C04F79EFBC}") = "SimVarGenerator", "SimVarGenerator\SimVarGenerator.csproj", "{7F5AEC6A-595D-46FA-B720-79E56E53A041}"
EndProject
Global
	GlobalSection(SolutionConfigurationPlatforms) = preSolution
		Debug|Any CPU = Debug|Any CPU
		Release|Any CPU = Release|Any CPU
	EndGlobalSection
	GlobalSection(ProjectConfigurationPlatforms) = postSolution
		{AC54613E-283E-451D-BE85-3C2FAC15B96C}.Debug|Any CPU.ActiveCfg = Debug|Any CPU
		{AC54613E-283E-451D-BE85-3C2FAC15B96C}.Debug|Any CPU.Build.0 = Debug|Any CPU
		{AC54613E-283E-451D-BE85-3C2FAC15B96C}.Release|Any CPU.ActiveCfg = Release|Any CPU
		{AC54613E-283E-451D-BE85-3C2FAC15B96C}.Release|Any CPU.Build.0 = Release|Any CPU
		{7F5AEC6A-595D-46FA-B720-79E56E53A041}.Debug|Any CPU.ActiveCfg = Debug|Any CPU
		{7F5AEC6A-595D-46FA-B720-79E56E53A041}.Debug|Any CPU.Build.0 = Debug|Any CPU
		{7F5AEC6A-595D-46FA-B720-79E56E53A041}.Release|Any CPU.ActiveCfg = Release|Any CPU
		{7F5AEC6A-595D-46FA-B720-79E56E53A041}.Release|Any CPU.Build.0 = Release|Any CPU
	EndGlobalSection
	GlobalSection(SolutionProperties) = preSolution
		HideSolutionNode = FALSE
	EndGlobalSection
	GlobalSection(NestedProjects) = preSolution
		{7F5AEC6A-595D-46FA-B720-79E56E53A041} = {144D6EE1-E6A2-4ECF-9BB1-AB61C3B901A5}
	EndGlobalSection
	GlobalSection(ExtensibilityGlobals) = postSolution
		SolutionGuid = {3233AB5C-CE26-49DE-A1F7-EC276690A808}
	EndGlobalSection
EndGlobal
